// !$*UTF8*$!
{
	archiveVersion = 1;
	classes = {
	};
	objectVersion = 50;
	objects = {

/* Begin PBXBuildFile section */
		ED0799792228B1E000994867 /* AppDelegate.swift in Sources */ = {isa = PBXBuildFile; fileRef = ED0799782228B1E000994867 /* AppDelegate.swift */; };
		ED07997B2228B1E000994867 /* ViewController.swift in Sources */ = {isa = PBXBuildFile; fileRef = ED07997A2228B1E000994867 /* ViewController.swift */; };
		ED07997E2228B1E000994867 /* Main.storyboard in Resources */ = {isa = PBXBuildFile; fileRef = ED07997C2228B1E000994867 /* Main.storyboard */; };
		ED0799812228B1E000994867 /* twitter.xcdatamodeld in Sources */ = {isa = PBXBuildFile; fileRef = ED07997F2228B1E000994867 /* twitter.xcdatamodeld */; };
		ED0799832228B1E100994867 /* Assets.xcassets in Resources */ = {isa = PBXBuildFile; fileRef = ED0799822228B1E100994867 /* Assets.xcassets */; };
		ED0799862228B1E100994867 /* LaunchScreen.storyboard in Resources */ = {isa = PBXBuildFile; fileRef = ED0799842228B1E100994867 /* LaunchScreen.storyboard */; };
		ED0799912228B1E100994867 /* twitterTests.swift in Sources */ = {isa = PBXBuildFile; fileRef = ED0799902228B1E100994867 /* twitterTests.swift */; };
		ED07999C2228B1E100994867 /* twitterUITests.swift in Sources */ = {isa = PBXBuildFile; fileRef = ED07999B2228B1E100994867 /* twitterUITests.swift */; };
		ED0799AB2228BB0800994867 /* Result.swift in Sources */ = {isa = PBXBuildFile; fileRef = ED0799AA2228BB0800994867 /* Result.swift */; };
		ED0799AD2228BE9900994867 /* TwitterAPI.swift in Sources */ = {isa = PBXBuildFile; fileRef = ED0799AC2228BE9900994867 /* TwitterAPI.swift */; };
		ED0799AF2228C36900994867 /* Alamofire.framework in Frameworks */ = {isa = PBXBuildFile; fileRef = ED0799AE2228C36900994867 /* Alamofire.framework */; };
		ED0799B02228C36900994867 /* Alamofire.framework in Embed Frameworks */ = {isa = PBXBuildFile; fileRef = ED0799AE2228C36900994867 /* Alamofire.framework */; settings = {ATTRIBUTES = (CodeSignOnCopy, RemoveHeadersOnCopy, ); }; };
		ED0799B32228C37A00994867 /* AlamofireImage.framework in Frameworks */ = {isa = PBXBuildFile; fileRef = ED0799B22228C37A00994867 /* AlamofireImage.framework */; };
		ED0799B42228C37A00994867 /* AlamofireImage.framework in Embed Frameworks */ = {isa = PBXBuildFile; fileRef = ED0799B22228C37A00994867 /* AlamofireImage.framework */; settings = {ATTRIBUTES = (CodeSignOnCopy, RemoveHeadersOnCopy, ); }; };
		ED0799B6222A005E00994867 /* MovieTableViewCell.swift in Sources */ = {isa = PBXBuildFile; fileRef = ED0799B5222A005E00994867 /* MovieTableViewCell.swift */; };
		ED0799B8222AE60A00994867 /* MovieDetailViewController.swift in Sources */ = {isa = PBXBuildFile; fileRef = ED0799B7222AE60A00994867 /* MovieDetailViewController.swift */; };
		ED0799BB222C06BE00994867 /* Movies.swift in Sources */ = {isa = PBXBuildFile; fileRef = ED0799BA222C06BE00994867 /* Movies.swift */; };
		ED0799BD222C412100994867 /* twitterViewController.swift in Sources */ = {isa = PBXBuildFile; fileRef = ED0799BC222C412100994867 /* twitterViewController.swift */; };
		ED0799C0222C512500994867 /* MockMoviesJson.txt in Resources */ = {isa = PBXBuildFile; fileRef = ED0799BF222C512500994867 /* MockMoviesJson.txt */; };
/* End PBXBuildFile section */

/* Begin PBXContainerItemProxy section */
		ED07998D2228B1E100994867 /* PBXContainerItemProxy */ = {
			isa = PBXContainerItemProxy;
			containerPortal = ED07996D2228B1E000994867 /* Project object */;
			proxyType = 1;
			remoteGlobalIDString = ED0799742228B1E000994867;
			remoteInfo = twitter;
		};
		ED0799982228B1E100994867 /* PBXContainerItemProxy */ = {
			isa = PBXContainerItemProxy;
			containerPortal = ED07996D2228B1E000994867 /* Project object */;
			proxyType = 1;
			remoteGlobalIDString = ED0799742228B1E000994867;
			remoteInfo = twitter;
		};
/* End PBXContainerItemProxy section */

/* Begin PBXCopyFilesBuildPhase section */
		ED0799B12228C36900994867 /* Embed Frameworks */ = {
			isa = PBXCopyFilesBuildPhase;
			buildActionMask = 2147483647;
			dstPath = "";
			dstSubfolderSpec = 10;
			files = (
				ED0799B02228C36900994867 /* Alamofire.framework in Embed Frameworks */,
				ED0799B42228C37A00994867 /* AlamofireImage.framework in Embed Frameworks */,
			);
			name = "Embed Frameworks";
			runOnlyForDeploymentPostprocessing = 0;
		};
/* End PBXCopyFilesBuildPhase section */

/* Begin PBXFileReference section */
		ED0799752228B1E000994867 /* twitter.app */ = {isa = PBXFileReference; explicitFileType = wrapper.application; includeInIndex = 0; path = twitter.app; sourceTree = BUILT_PRODUCTS_DIR; };
		ED0799782228B1E000994867 /* AppDelegate.swift */ = {isa = PBXFileReference; lastKnownFileType = sourcecode.swift; path = AppDelegate.swift; sourceTree = "<group>"; };
		ED07997A2228B1E000994867 /* ViewController.swift */ = {isa = PBXFileReference; lastKnownFileType = sourcecode.swift; path = ViewController.swift; sourceTree = "<group>"; };
		ED07997D2228B1E000994867 /* Base */ = {isa = PBXFileReference; lastKnownFileType = file.storyboard; name = Base; path = Base.lproj/Main.storyboard; sourceTree = "<group>"; };
		ED0799802228B1E000994867 /* twitter.xcdatamodel */ = {isa = PBXFileReference; lastKnownFileType = wrapper.xcdatamodel; path = twitter.xcdatamodel; sourceTree = "<group>"; };
		ED0799822228B1E100994867 /* Assets.xcassets */ = {isa = PBXFileReference; lastKnownFileType = folder.assetcatalog; path = Assets.xcassets; sourceTree = "<group>"; };
		ED0799852228B1E100994867 /* Base */ = {isa = PBXFileReference; lastKnownFileType = file.storyboard; name = Base; path = Base.lproj/LaunchScreen.storyboard; sourceTree = "<group>"; };
		ED0799872228B1E100994867 /* Info.plist */ = {isa = PBXFileReference; lastKnownFileType = text.plist.xml; path = Info.plist; sourceTree = "<group>"; };
		ED07998C2228B1E100994867 /* twitterTests.xctest */ = {isa = PBXFileReference; explicitFileType = wrapper.cfbundle; includeInIndex = 0; path = twitterTests.xctest; sourceTree = BUILT_PRODUCTS_DIR; };
		ED0799902228B1E100994867 /* twitterTests.swift */ = {isa = PBXFileReference; lastKnownFileType = sourcecode.swift; path = twitterTests.swift; sourceTree = "<group>"; };
		ED0799922228B1E100994867 /* Info.plist */ = {isa = PBXFileReference; lastKnownFileType = text.plist.xml; path = Info.plist; sourceTree = "<group>"; };
		ED0799972228B1E100994867 /* twitterUITests.xctest */ = {isa = PBXFileReference; explicitFileType = wrapper.cfbundle; includeInIndex = 0; path = twitterUITests.xctest; sourceTree = BUILT_PRODUCTS_DIR; };
		ED07999B2228B1E100994867 /* twitterUITests.swift */ = {isa = PBXFileReference; lastKnownFileType = sourcecode.swift; path = twitterUITests.swift; sourceTree = "<group>"; };
		ED07999D2228B1E100994867 /* Info.plist */ = {isa = PBXFileReference; lastKnownFileType = text.plist.xml; path = Info.plist; sourceTree = "<group>"; };
		ED0799AA2228BB0800994867 /* Result.swift */ = {isa = PBXFileReference; lastKnownFileType = sourcecode.swift; path = Result.swift; sourceTree = "<group>"; };
		ED0799AC2228BE9900994867 /* TwitterAPI.swift */ = {isa = PBXFileReference; lastKnownFileType = sourcecode.swift; path = TwitterAPI.swift; sourceTree = "<group>"; };
		ED0799AE2228C36900994867 /* Alamofire.framework */ = {isa = PBXFileReference; lastKnownFileType = wrapper.framework; name = Alamofire.framework; path = Carthage/Build/iOS/Alamofire.framework; sourceTree = "<group>"; };
		ED0799B22228C37A00994867 /* AlamofireImage.framework */ = {isa = PBXFileReference; lastKnownFileType = wrapper.framework; name = AlamofireImage.framework; path = Carthage/Build/iOS/AlamofireImage.framework; sourceTree = "<group>"; };
		ED0799B5222A005E00994867 /* MovieTableViewCell.swift */ = {isa = PBXFileReference; lastKnownFileType = sourcecode.swift; path = MovieTableViewCell.swift; sourceTree = "<group>"; };
		ED0799B7222AE60A00994867 /* MovieDetailViewController.swift */ = {isa = PBXFileReference; lastKnownFileType = sourcecode.swift; path = MovieDetailViewController.swift; sourceTree = "<group>"; };
		ED0799BA222C06BE00994867 /* Movies.swift */ = {isa = PBXFileReference; lastKnownFileType = sourcecode.swift; path = Movies.swift; sourceTree = "<group>"; };
		ED0799BC222C412100994867 /* twitterViewController.swift */ = {isa = PBXFileReference; lastKnownFileType = sourcecode.swift; path = twitterViewController.swift; sourceTree = "<group>"; };
		ED0799BF222C512500994867 /* MockMoviesJson.txt */ = {isa = PBXFileReference; fileEncoding = 4; lastKnownFileType = text; path = MockMoviesJson.txt; sourceTree = "<group>"; };
/* End PBXFileReference section */

/* Begin PBXFrameworksBuildPhase section */
		ED0799722228B1E000994867 /* Frameworks */ = {
			isa = PBXFrameworksBuildPhase;
			buildActionMask = 2147483647;
			files = (
				ED0799AF2228C36900994867 /* Alamofire.framework in Frameworks */,
				ED0799B32228C37A00994867 /* AlamofireImage.framework in Frameworks */,
			);
			runOnlyForDeploymentPostprocessing = 0;
		};
		ED0799892228B1E100994867 /* Frameworks */ = {
			isa = PBXFrameworksBuildPhase;
			buildActionMask = 2147483647;
			files = (
			);
			runOnlyForDeploymentPostprocessing = 0;
		};
		ED0799942228B1E100994867 /* Frameworks */ = {
			isa = PBXFrameworksBuildPhase;
			buildActionMask = 2147483647;
			files = (
			);
			runOnlyForDeploymentPostprocessing = 0;
		};
/* End PBXFrameworksBuildPhase section */

/* Begin PBXGroup section */
		ED07996C2228B1E000994867 = {
			isa = PBXGroup;
			children = (
				ED0799B22228C37A00994867 /* AlamofireImage.framework */,
				ED0799AE2228C36900994867 /* Alamofire.framework */,
				ED0799772228B1E000994867 /* twitter */,
				ED07998F2228B1E100994867 /* twitterTests */,
				ED07999A2228B1E100994867 /* twitterUITests */,
				ED0799762228B1E000994867 /* Products */,
			);
			sourceTree = "<group>";
		};
		ED0799762228B1E000994867 /* Products */ = {
			isa = PBXGroup;
			children = (
				ED0799752228B1E000994867 /* twitter.app */,
				ED07998C2228B1E100994867 /* twitterTests.xctest */,
				ED0799972228B1E100994867 /* twitterUITests.xctest */,
			);
			name = Products;
			sourceTree = "<group>";
		};
		ED0799772228B1E000994867 /* twitter */ = {
			isa = PBXGroup;
			children = (
				ED0799B9222C069C00994867 /* Models */,
				ED0799A92228B9D500994867 /* API */,
				ED0799782228B1E000994867 /* AppDelegate.swift */,
				ED07997A2228B1E000994867 /* ViewController.swift */,
				ED0799B7222AE60A00994867 /* MovieDetailViewController.swift */,
				ED07997C2228B1E000994867 /* Main.storyboard */,
				ED0799B5222A005E00994867 /* MovieTableViewCell.swift */,
				ED0799822228B1E100994867 /* Assets.xcassets */,
				ED0799842228B1E100994867 /* LaunchScreen.storyboard */,
				ED0799872228B1E100994867 /* Info.plist */,
				ED07997F2228B1E000994867 /* twitter.xcdatamodeld */,
			);
			path = twitter;
			sourceTree = "<group>";
		};
		ED07998F2228B1E100994867 /* twitterTests */ = {
			isa = PBXGroup;
			children = (
				ED0799BE222C50E600994867 /* mockdata */,
				ED0799902228B1E100994867 /* twitterTests.swift */,
				ED0799BC222C412100994867 /* twitterViewController.swift */,
				ED0799922228B1E100994867 /* Info.plist */,
			);
			path = twitterTests;
			sourceTree = "<group>";
		};
		ED07999A2228B1E100994867 /* twitterUITests */ = {
			isa = PBXGroup;
			children = (
				ED07999B2228B1E100994867 /* twitterUITests.swift */,
				ED07999D2228B1E100994867 /* Info.plist */,
			);
			path = twitterUITests;
			sourceTree = "<group>";
		};
		ED0799A92228B9D500994867 /* API */ = {
			isa = PBXGroup;
			children = (
				ED0799AA2228BB0800994867 /* Result.swift */,
				ED0799AC2228BE9900994867 /* TwitterAPI.swift */,
			);
			path = API;
			sourceTree = "<group>";
		};
		ED0799B9222C069C00994867 /* Models */ = {
			isa = PBXGroup;
			children = (
				ED0799BA222C06BE00994867 /* Movies.swift */,
			);
			path = Models;
			sourceTree = "<group>";
		};
		ED0799BE222C50E600994867 /* mockdata */ = {
			isa = PBXGroup;
			children = (
				ED0799BF222C512500994867 /* MockMoviesJson.txt */,
			);
			path = mockdata;
			sourceTree = "<group>";
		};
/* End PBXGroup section */

/* Begin PBXNativeTarget section */
		ED0799742228B1E000994867 /* twitter */ = {
			isa = PBXNativeTarget;
			buildConfigurationList = ED0799A02228B1E100994867 /* Build configuration list for PBXNativeTarget "twitter" */;
			buildPhases = (
				ED0799712228B1E000994867 /* Sources */,
				ED0799722228B1E000994867 /* Frameworks */,
				ED0799732228B1E000994867 /* Resources */,
				ED0799B12228C36900994867 /* Embed Frameworks */,
			);
			buildRules = (
			);
			dependencies = (
			);
			name = twitter;
			productName = twitter;
			productReference = ED0799752228B1E000994867 /* twitter.app */;
			productType = "com.apple.product-type.application";
		};
		ED07998B2228B1E100994867 /* twitterTests */ = {
			isa = PBXNativeTarget;
			buildConfigurationList = ED0799A32228B1E100994867 /* Build configuration list for PBXNativeTarget "twitterTests" */;
			buildPhases = (
				ED0799882228B1E100994867 /* Sources */,
				ED0799892228B1E100994867 /* Frameworks */,
				ED07998A2228B1E100994867 /* Resources */,
			);
			buildRules = (
			);
			dependencies = (
				ED07998E2228B1E100994867 /* PBXTargetDependency */,
			);
			name = twitterTests;
			productName = twitterTests;
			productReference = ED07998C2228B1E100994867 /* twitterTests.xctest */;
			productType = "com.apple.product-type.bundle.unit-test";
		};
		ED0799962228B1E100994867 /* twitterUITests */ = {
			isa = PBXNativeTarget;
			buildConfigurationList = ED0799A62228B1E100994867 /* Build configuration list for PBXNativeTarget "twitterUITests" */;
			buildPhases = (
				ED0799932228B1E100994867 /* Sources */,
				ED0799942228B1E100994867 /* Frameworks */,
				ED0799952228B1E100994867 /* Resources */,
			);
			buildRules = (
			);
			dependencies = (
				ED0799992228B1E100994867 /* PBXTargetDependency */,
			);
			name = twitterUITests;
			productName = twitterUITests;
			productReference = ED0799972228B1E100994867 /* twitterUITests.xctest */;
			productType = "com.apple.product-type.bundle.ui-testing";
		};
/* End PBXNativeTarget section */

/* Begin PBXProject section */
		ED07996D2228B1E000994867 /* Project object */ = {
			isa = PBXProject;
			attributes = {
				LastSwiftUpdateCheck = 1010;
				LastUpgradeCheck = 1010;
				ORGANIZATIONNAME = f;
				TargetAttributes = {
					ED0799742228B1E000994867 = {
						CreatedOnToolsVersion = 10.1;
					};
					ED07998B2228B1E100994867 = {
						CreatedOnToolsVersion = 10.1;
						TestTargetID = ED0799742228B1E000994867;
					};
					ED0799962228B1E100994867 = {
						CreatedOnToolsVersion = 10.1;
						TestTargetID = ED0799742228B1E000994867;
					};
				};
			};
			buildConfigurationList = ED0799702228B1E000994867 /* Build configuration list for PBXProject "twitter" */;
			compatibilityVersion = "Xcode 9.3";
			developmentRegion = en;
			hasScannedForEncodings = 0;
			knownRegions = (
				en,
				Base,
			);
			mainGroup = ED07996C2228B1E000994867;
			productRefGroup = ED0799762228B1E000994867 /* Products */;
			projectDirPath = "";
			projectRoot = "";
			targets = (
				ED0799742228B1E000994867 /* twitter */,
				ED07998B2228B1E100994867 /* twitterTests */,
				ED0799962228B1E100994867 /* twitterUITests */,
			);
		};
/* End PBXProject section */

/* Begin PBXResourcesBuildPhase section */
		ED0799732228B1E000994867 /* Resources */ = {
			isa = PBXResourcesBuildPhase;
			buildActionMask = 2147483647;
			files = (
				ED0799862228B1E100994867 /* LaunchScreen.storyboard in Resources */,
				ED0799832228B1E100994867 /* Assets.xcassets in Resources */,
				ED07997E2228B1E000994867 /* Main.storyboard in Resources */,
			);
			runOnlyForDeploymentPostprocessing = 0;
		};
		ED07998A2228B1E100994867 /* Resources */ = {
			isa = PBXResourcesBuildPhase;
			buildActionMask = 2147483647;
			files = (
				ED0799C0222C512500994867 /* MockMoviesJson.txt in Resources */,
			);
			runOnlyForDeploymentPostprocessing = 0;
		};
		ED0799952228B1E100994867 /* Resources */ = {
			isa = PBXResourcesBuildPhase;
			buildActionMask = 2147483647;
			files = (
			);
			runOnlyForDeploymentPostprocessing = 0;
		};
/* End PBXResourcesBuildPhase section */

/* Begin PBXSourcesBuildPhase section */
		ED0799712228B1E000994867 /* Sources */ = {
			isa = PBXSourcesBuildPhase;
			buildActionMask = 2147483647;
			files = (
				ED07997B2228B1E000994867 /* ViewController.swift in Sources */,
				ED0799792228B1E000994867 /* AppDelegate.swift in Sources */,
				ED0799BB222C06BE00994867 /* Movies.swift in Sources */,
				ED0799B6222A005E00994867 /* MovieTableViewCell.swift in Sources */,
				ED0799AB2228BB0800994867 /* Result.swift in Sources */,
				ED0799B8222AE60A00994867 /* MovieDetailViewController.swift in Sources */,
				ED0799AD2228BE9900994867 /* TwitterAPI.swift in Sources */,
				ED0799812228B1E000994867 /* twitter.xcdatamodeld in Sources */,
			);
			runOnlyForDeploymentPostprocessing = 0;
		};
		ED0799882228B1E100994867 /* Sources */ = {
			isa = PBXSourcesBuildPhase;
			buildActionMask = 2147483647;
			files = (
				ED0799BD222C412100994867 /* twitterViewController.swift in Sources */,
				ED0799912228B1E100994867 /* twitterTests.swift in Sources */,
			);
			runOnlyForDeploymentPostprocessing = 0;
		};
		ED0799932228B1E100994867 /* Sources */ = {
			isa = PBXSourcesBuildPhase;
			buildActionMask = 2147483647;
			files = (
				ED07999C2228B1E100994867 /* twitterUITests.swift in Sources */,
			);
			runOnlyForDeploymentPostprocessing = 0;
		};
/* End PBXSourcesBuildPhase section */

/* Begin PBXTargetDependency section */
		ED07998E2228B1E100994867 /* PBXTargetDependency */ = {
			isa = PBXTargetDependency;
			target = ED0799742228B1E000994867 /* twitter */;
			targetProxy = ED07998D2228B1E100994867 /* PBXContainerItemProxy */;
		};
		ED0799992228B1E100994867 /* PBXTargetDependency */ = {
			isa = PBXTargetDependency;
			target = ED0799742228B1E000994867 /* twitter */;
			targetProxy = ED0799982228B1E100994867 /* PBXContainerItemProxy */;
		};
/* End PBXTargetDependency section */

/* Begin PBXVariantGroup section */
		ED07997C2228B1E000994867 /* Main.storyboard */ = {
			isa = PBXVariantGroup;
			children = (
				ED07997D2228B1E000994867 /* Base */,
			);
			name = Main.storyboard;
			sourceTree = "<group>";
		};
		ED0799842228B1E100994867 /* LaunchScreen.storyboard */ = {
			isa = PBXVariantGroup;
			children = (
				ED0799852228B1E100994867 /* Base */,
			);
			name = LaunchScreen.storyboard;
			sourceTree = "<group>";
		};
/* End PBXVariantGroup section */

/* Begin XCBuildConfiguration section */
		ED07999E2228B1E100994867 /* Debug */ = {
			isa = XCBuildConfiguration;
			buildSettings = {
				ALWAYS_SEARCH_USER_PATHS = NO;
				CLANG_ANALYZER_NONNULL = YES;
				CLANG_ANALYZER_NUMBER_OBJECT_CONVERSION = YES_AGGRESSIVE;
				CLANG_CXX_LANGUAGE_STANDARD = "gnu++14";
				CLANG_CXX_LIBRARY = "libc++";
				CLANG_ENABLE_MODULES = YES;
				CLANG_ENABLE_OBJC_ARC = YES;
				CLANG_ENABLE_OBJC_WEAK = YES;
				CLANG_WARN_BLOCK_CAPTURE_AUTORELEASING = YES;
				CLANG_WARN_BOOL_CONVERSION = YES;
				CLANG_WARN_COMMA = YES;
				CLANG_WARN_CONSTANT_CONVERSION = YES;
				CLANG_WARN_DEPRECATED_OBJC_IMPLEMENTATIONS = YES;
				CLANG_WARN_DIRECT_OBJC_ISA_USAGE = YES_ERROR;
				CLANG_WARN_DOCUMENTATION_COMMENTS = YES;
				CLANG_WARN_EMPTY_BODY = YES;
				CLANG_WARN_ENUM_CONVERSION = YES;
				CLANG_WARN_INFINITE_RECURSION = YES;
				CLANG_WARN_INT_CONVERSION = YES;
				CLANG_WARN_NON_LITERAL_NULL_CONVERSION = YES;
				CLANG_WARN_OBJC_IMPLICIT_RETAIN_SELF = YES;
				CLANG_WARN_OBJC_LITERAL_CONVERSION = YES;
				CLANG_WARN_OBJC_ROOT_CLASS = YES_ERROR;
				CLANG_WARN_RANGE_LOOP_ANALYSIS = YES;
				CLANG_WARN_STRICT_PROTOTYPES = YES;
				CLANG_WARN_SUSPICIOUS_MOVE = YES;
				CLANG_WARN_UNGUARDED_AVAILABILITY = YES_AGGRESSIVE;
				CLANG_WARN_UNREACHABLE_CODE = YES;
				CLANG_WARN__DUPLICATE_METHOD_MATCH = YES;
				CODE_SIGN_IDENTITY = "iPhone Developer";
				COPY_PHASE_STRIP = NO;
				DEBUG_INFORMATION_FORMAT = dwarf;
				ENABLE_STRICT_OBJC_MSGSEND = YES;
				ENABLE_TESTABILITY = YES;
				GCC_C_LANGUAGE_STANDARD = gnu11;
				GCC_DYNAMIC_NO_PIC = NO;
				GCC_NO_COMMON_BLOCKS = YES;
				GCC_OPTIMIZATION_LEVEL = 0;
				GCC_PREPROCESSOR_DEFINITIONS = (
					"DEBUG=1",
					"$(inherited)",
				);
				GCC_WARN_64_TO_32_BIT_CONVERSION = YES;
				GCC_WARN_ABOUT_RETURN_TYPE = YES_ERROR;
				GCC_WARN_UNDECLARED_SELECTOR = YES;
				GCC_WARN_UNINITIALIZED_AUTOS = YES_AGGRESSIVE;
				GCC_WARN_UNUSED_FUNCTION = YES;
				GCC_WARN_UNUSED_VARIABLE = YES;
				IPHONEOS_DEPLOYMENT_TARGET = 12.1;
				MTL_ENABLE_DEBUG_INFO = INCLUDE_SOURCE;
				MTL_FAST_MATH = YES;
				ONLY_ACTIVE_ARCH = YES;
				SDKROOT = iphoneos;
				SWIFT_ACTIVE_COMPILATION_CONDITIONS = DEBUG;
				SWIFT_OPTIMIZATION_LEVEL = "-Onone";
			};
			name = Debug;
		};
		ED07999F2228B1E100994867 /* Release */ = {
			isa = XCBuildConfiguration;
			buildSettings = {
				ALWAYS_SEARCH_USER_PATHS = NO;
				CLANG_ANALYZER_NONNULL = YES;
				CLANG_ANALYZER_NUMBER_OBJECT_CONVERSION = YES_AGGRESSIVE;
				CLANG_CXX_LANGUAGE_STANDARD = "gnu++14";
				CLANG_CXX_LIBRARY = "libc++";
				CLANG_ENABLE_MODULES = YES;
				CLANG_ENABLE_OBJC_ARC = YES;
				CLANG_ENABLE_OBJC_WEAK = YES;
				CLANG_WARN_BLOCK_CAPTURE_AUTORELEASING = YES;
				CLANG_WARN_BOOL_CONVERSION = YES;
				CLANG_WARN_COMMA = YES;
				CLANG_WARN_CONSTANT_CONVERSION = YES;
				CLANG_WARN_DEPRECATED_OBJC_IMPLEMENTATIONS = YES;
				CLANG_WARN_DIRECT_OBJC_ISA_USAGE = YES_ERROR;
				CLANG_WARN_DOCUMENTATION_COMMENTS = YES;
				CLANG_WARN_EMPTY_BODY = YES;
				CLANG_WARN_ENUM_CONVERSION = YES;
				CLANG_WARN_INFINITE_RECURSION = YES;
				CLANG_WARN_INT_CONVERSION = YES;
				CLANG_WARN_NON_LITERAL_NULL_CONVERSION = YES;
				CLANG_WARN_OBJC_IMPLICIT_RETAIN_SELF = YES;
				CLANG_WARN_OBJC_LITERAL_CONVERSION = YES;
				CLANG_WARN_OBJC_ROOT_CLASS = YES_ERROR;
				CLANG_WARN_RANGE_LOOP_ANALYSIS = YES;
				CLANG_WARN_STRICT_PROTOTYPES = YES;
				CLANG_WARN_SUSPICIOUS_MOVE = YES;
				CLANG_WARN_UNGUARDED_AVAILABILITY = YES_AGGRESSIVE;
				CLANG_WARN_UNREACHABLE_CODE = YES;
				CLANG_WARN__DUPLICATE_METHOD_MATCH = YES;
				CODE_SIGN_IDENTITY = "iPhone Developer";
				COPY_PHASE_STRIP = NO;
				DEBUG_INFORMATION_FORMAT = "dwarf-with-dsym";
				ENABLE_NS_ASSERTIONS = NO;
				ENABLE_STRICT_OBJC_MSGSEND = YES;
				GCC_C_LANGUAGE_STANDARD = gnu11;
				GCC_NO_COMMON_BLOCKS = YES;
				GCC_WARN_64_TO_32_BIT_CONVERSION = YES;
				GCC_WARN_ABOUT_RETURN_TYPE = YES_ERROR;
				GCC_WARN_UNDECLARED_SELECTOR = YES;
				GCC_WARN_UNINITIALIZED_AUTOS = YES_AGGRESSIVE;
				GCC_WARN_UNUSED_FUNCTION = YES;
				GCC_WARN_UNUSED_VARIABLE = YES;
				IPHONEOS_DEPLOYMENT_TARGET = 12.1;
				MTL_ENABLE_DEBUG_INFO = NO;
				MTL_FAST_MATH = YES;
				SDKROOT = iphoneos;
				SWIFT_COMPILATION_MODE = wholemodule;
				SWIFT_OPTIMIZATION_LEVEL = "-O";
				VALIDATE_PRODUCT = YES;
			};
			name = Release;
		};
		ED0799A12228B1E100994867 /* Debug */ = {
			isa = XCBuildConfiguration;
			buildSettings = {
				ASSETCATALOG_COMPILER_APPICON_NAME = AppIcon;
				CODE_SIGN_STYLE = Automatic;
				DEVELOPMENT_TEAM = Z79254QWB6;
				FRAMEWORK_SEARCH_PATHS = (
					"$(inherited)",
					"$(PROJECT_DIR)/Carthage/Build/iOS",
				);
				INFOPLIST_FILE = twitter/Info.plist;
				LD_RUNPATH_SEARCH_PATHS = (
					"$(inherited)",
					"@executable_path/Frameworks",
				);
				PRODUCT_BUNDLE_IDENTIFIER = f.twitter;
				PRODUCT_NAME = "$(TARGET_NAME)";
				SWIFT_VERSION = 4.2;
				TARGETED_DEVICE_FAMILY = "1,2";
			};
			name = Debug;
		};
		ED0799A22228B1E100994867 /* Release */ = {
			isa = XCBuildConfiguration;
			buildSettings = {
				ASSETCATALOG_COMPILER_APPICON_NAME = AppIcon;
				CODE_SIGN_STYLE = Automatic;
				DEVELOPMENT_TEAM = Z79254QWB6;
				FRAMEWORK_SEARCH_PATHS = (
					"$(inherited)",
					"$(PROJECT_DIR)/Carthage/Build/iOS",
				);
				INFOPLIST_FILE = twitter/Info.plist;
				LD_RUNPATH_SEARCH_PATHS = (
					"$(inherited)",
					"@executable_path/Frameworks",
				);
				PRODUCT_BUNDLE_IDENTIFIER = f.twitter;
				PRODUCT_NAME = "$(TARGET_NAME)";
				SWIFT_VERSION = 4.2;
				TARGETED_DEVICE_FAMILY = "1,2";
			};
			name = Release;
		};
		ED0799A42228B1E100994867 /* Debug */ = {
			isa = XCBuildConfiguration;
			buildSettings = {
				ALWAYS_EMBED_SWIFT_STANDARD_LIBRARIES = YES;
				BUNDLE_LOADER = "$(TEST_HOST)";
				CODE_SIGN_STYLE = Automatic;
				DEVELOPMENT_TEAM = Z79254QWB6;
				INFOPLIST_FILE = twitterTests/Info.plist;
				LD_RUNPATH_SEARCH_PATHS = (
					"$(inherited)",
					"@executable_path/Frameworks",
					"@loader_path/Frameworks",
				);
				PRODUCT_BUNDLE_IDENTIFIER = f.twitterTests;
				PRODUCT_NAME = "$(TARGET_NAME)";
				SWIFT_VERSION = 4.2;
				TARGETED_DEVICE_FAMILY = "1,2";
				TEST_HOST = "$(BUILT_PRODUCTS_DIR)/twitter.app/twitter";
			};
			name = Debug;
		};
		ED0799A52228B1E100994867 /* Release */ = {
			isa = XCBuildConfiguration;
			buildSettings = {
				ALWAYS_EMBED_SWIFT_STANDARD_LIBRARIES = YES;
				BUNDLE_LOADER = "$(TEST_HOST)";
				CODE_SIGN_STYLE = Automatic;
				DEVELOPMENT_TEAM = Z79254QWB6;
				INFOPLIST_FILE = twitterTests/Info.plist;
				LD_RUNPATH_SEARCH_PATHS = (
					"$(inherited)",
					"@executable_path/Frameworks",
					"@loader_path/Frameworks",
				);
				PRODUCT_BUNDLE_IDENTIFIER = f.twitterTests;
				PRODUCT_NAME = "$(TARGET_NAME)";
				SWIFT_VERSION = 4.2;
				TARGETED_DEVICE_FAMILY = "1,2";
				TEST_HOST = "$(BUILT_PRODUCTS_DIR)/twitter.app/twitter";
			};
			name = Release;
		};
		ED0799A72228B1E100994867 /* Debug */ = {
			isa = XCBuildConfiguration;
			buildSettings = {
				ALWAYS_EMBED_SWIFT_STANDARD_LIBRARIES = YES;
				CODE_SIGN_STYLE = Automatic;
				DEVELOPMENT_TEAM = Z79254QWB6;
				INFOPLIST_FILE = twitterUITests/Info.plist;
				LD_RUNPATH_SEARCH_PATHS = (
					"$(inherited)",
					"@executable_path/Frameworks",
					"@loader_path/Frameworks",
				);
				PRODUCT_BUNDLE_IDENTIFIER = f.twitterUITests;
				PRODUCT_NAME = "$(TARGET_NAME)";
				SWIFT_VERSION = 4.2;
				TARGETED_DEVICE_FAMILY = "1,2";
				TEST_TARGET_NAME = twitter;
			};
			name = Debug;
		};
		ED0799A82228B1E100994867 /* Release */ = {
			isa = XCBuildConfiguration;
			buildSettings = {
				ALWAYS_EMBED_SWIFT_STANDARD_LIBRARIES = YES;
				CODE_SIGN_STYLE = Automatic;
				DEVELOPMENT_TEAM = Z79254QWB6;
				INFOPLIST_FILE = twitterUITests/Info.plist;
				LD_RUNPATH_SEARCH_PATHS = (
					"$(inherited)",
					"@executable_path/Frameworks",
					"@loader_path/Frameworks",
				);
				PRODUCT_BUNDLE_IDENTIFIER = f.twitterUITests;
				PRODUCT_NAME = "$(TARGET_NAME)";
				SWIFT_VERSION = 4.2;
				TARGETED_DEVICE_FAMILY = "1,2";
				TEST_TARGET_NAME = twitter;
			};
			name = Release;
		};
/* End XCBuildConfiguration section */

/* Begin XCConfigurationList section */
		ED0799702228B1E000994867 /* Build configuration list for PBXProject "twitter" */ = {
			isa = XCConfigurationList;
			buildConfigurations = (
				ED07999E2228B1E100994867 /* Debug */,
				ED07999F2228B1E100994867 /* Release */,
			);
			defaultConfigurationIsVisible = 0;
			defaultConfigurationName = Release;
		};
		ED0799A02228B1E100994867 /* Build configuration list for PBXNativeTarget "twitter" */ = {
			isa = XCConfigurationList;
			buildConfigurations = (
				ED0799A12228B1E100994867 /* Debug */,
				ED0799A22228B1E100994867 /* Release */,
			);
			defaultConfigurationIsVisible = 0;
			defaultConfigurationName = Release;
		};
		ED0799A32228B1E100994867 /* Build configuration list for PBXNativeTarget "twitterTests" */ = {
			isa = XCConfigurationList;
			buildConfigurations = (
				ED0799A42228B1E100994867 /* Debug */,
				ED0799A52228B1E100994867 /* Release */,
			);
			defaultConfigurationIsVisible = 0;
			defaultConfigurationName = Release;
		};
		ED0799A62228B1E100994867 /* Build configuration list for PBXNativeTarget "twitterUITests" */ = {
			isa = XCConfigurationList;
			buildConfigurations = (
				ED0799A72228B1E100994867 /* Debug */,
				ED0799A82228B1E100994867 /* Release */,
			);
			defaultConfigurationIsVisible = 0;
			defaultConfigurationName = Release;
		};
/* End XCConfigurationList section */

/* Begin XCVersionGroup section */
		ED07997F2228B1E000994867 /* twitter.xcdatamodeld */ = {
			isa = XCVersionGroup;
			children = (
				ED0799802228B1E000994867 /* twitter.xcdatamodel */,
			);
			currentVersion = ED0799802228B1E000994867 /* twitter.xcdatamodel */;
			path = twitter.xcdatamodeld;
			sourceTree = "<group>";
			versionGroupType = wrapper.xcdatamodel;
		};
/* End XCVersionGroup section */
	};
	rootObject = ED07996D2228B1E000994867 /* Project object */;
}
